{
  "lockfile-version": 1,
  "manifest": {
    "version": 1,
    "install": {
      "cargo": {
        "pkg-path": "cargo",
        "pkg-group": "rust-toolchain"
      },
      "cargo-nextest": {
        "pkg-path": "cargo-nextest"
      },
      "clang": {
        "pkg-path": "clang",
        "systems": [
          "aarch64-darwin"
        ]
      },
      "clippy": {
        "pkg-path": "clippy",
        "pkg-group": "rust-toolchain"
      },
      "gcc": {
        "pkg-path": "gcc",
        "systems": [
          "aarch64-linux",
          "x86_64-linux"
        ]
      },
      "libiconv": {
        "pkg-path": "libiconv",
        "systems": [
          "aarch64-darwin",
          "x86_64-darwin"
        ]
      },
      "openssl": {
        "pkg-path": "openssl"
      },
      "pkg-config": {
        "pkg-path": "pkg-config"
      },
      "rust-analyzer": {
        "pkg-path": "rust-analyzer",
        "pkg-group": "rust-analyzer"
      },
      "rust-lib-src": {
        "pkg-path": "rustPlatform.rustLibSrc",
        "pkg-group": "rust-toolchain"
      },
      "rustc": {
        "pkg-path": "rustc",
        "pkg-group": "rust-toolchain"
      },
      "rustfmt": {
        "pkg-path": "rustfmt",
        "pkg-group": "rust-toolchain"
      }
    },
    "hook": {
      "on-activate": "  export PATH=\"$PWD/target/debug:$PATH\"\n"
    },
    "profile": {},
    "options": {
      "systems": [
        "aarch64-darwin",
        "x86_64-darwin",
        "aarch64-linux",
        "x86_64-linux"
      ]
    }
  },
  "packages": [
    {
      "attr_path": "rust-analyzer",
      "broken": false,
      "derivation": "/nix/store/jy66lhvh5vf2rpn69ikaa4pdw2qs2q5g-rust-analyzer-2026-02-16.drv",
      "description": "Language server for the Rust language",
      "install_id": "rust-analyzer",
      "license": "[ MIT, Apache-2.0 ]",
      "locked_url": "https://github.com/flox/nixpkgs?rev=9dcb002ca1690658be4a04645215baea8b95f31d",
      "name": "rust-analyzer-2026-02-16",
      "pname": "rust-analyzer",
      "rev": "9dcb002ca1690658be4a04645215baea8b95f31d",
      "rev_count": 960399,
      "rev_date": "2026-03-08T09:52:19Z",
      "scrape_date": "2026-03-10T04:48:07.616692Z",
      "stabilities": [
        "unstable"
      ],
      "unfree": false,
      "version": "2026-02-16",
      "outputs_to_install": [
        "out"
      ],
      "outputs": {
        "out": "/nix/store/nz6l7l5kgf7dmgiq35b3pr00smcd39aj-rust-analyzer-2026-02-16"
      },
      "system": "aarch64-darwin",
      "group": "rust-analyzer",
      "priority": 5
    },
    {
      "attr_path": "rust-analyzer",
      "broken": false,
      "derivation": "/nix/store/vgcbmc4m9qp3m255r4jckw6zxpb92mks-rust-analyzer-2026-02-16.drv",
      "description": "Language server for the Rust language",
      "install_id": "rust-analyzer",
      "license": "[ MIT, Apache-2.0 ]",
      "locked_url": "https://github.com/flox/nixpkgs?rev=9dcb002ca1690658be4a04645215baea8b95f31d",
      "name": "rust-analyzer-2026-02-16",
      "pname": "rust-analyzer",
      "rev": "9dcb002ca1690658be4a04645215baea8b95f31d",
      "rev_count": 960399,
      "rev_date": "2026-03-08T09:52:19Z",
      "scrape_date": "2026-03-10T05:25:05.812334Z",
      "stabilities": [
        "unstable"
      ],
      "unfree": false,
      "version": "2026-02-16",
      "outputs_to_install": [
        "out"
      ],
      "outputs": {
        "out": "/nix/store/8wl18z22vf7y7kj77k4a3y4a63kzrlpq-rust-analyzer-2026-02-16"
      },
      "system": "aarch64-linux",
      "group": "rust-analyzer",
      "priority": 5
    },
    {
      "attr_path": "rust-analyzer",
      "broken": false,
      "derivation": "/nix/store/pirdxgsp2b1y09z8b33lbycm2mm62mas-rust-analyzer-2026-02-16.drv",
      "description": "Language server for the Rust language",
      "install_id": "rust-analyzer",
      "license": "[ MIT, Apache-2.0 ]",
      "locked_url": "https://github.com/flox/nixpkgs?rev=9dcb002ca1690658be4a04645215baea8b95f31d",
      "name": "rust-analyzer-2026-02-16",
      "pname": "rust-analyzer",
      "rev": "9dcb002ca1690658be4a04645215baea8b95f31d",
      "rev_count": 960399,
      "rev_date": "2026-03-08T09:52:19Z",
      "scrape_date": "2026-03-10T06:05:20.634972Z",
      "stabilities": [
        "unstable"
      ],
      "unfree": false,
      "version": "2026-02-16",
      "outputs_to_install": [
        "out"
      ],
      "outputs": {
        "out": "/nix/store/7zxbyg0cr4ajg1cnfdfahwhl37jl5jdg-rust-analyzer-2026-02-16"
      },
      "system": "x86_64-darwin",
      "group": "rust-analyzer",
      "priority": 5
    },
    {
      "attr_path": "rust-analyzer",
      "broken": false,
      "derivation": "/nix/store/fz70hrnxgy4pvm12r6x3dj4d18x8dl6g-rust-analyzer-2026-02-16.drv",
      "description": "Language server for the Rust language",
      "install_id": "rust-analyzer",
      "license": "[ MIT, Apache-2.0 ]",
      "locked_url": "https://github.com/flox/nixpkgs?rev=9dcb002ca1690658be4a04645215baea8b95f31d",
      "name": "rust-analyzer-2026-02-16",
      "pname": "rust-analyzer",
      "rev": "9dcb002ca1690658be4a04645215baea8b95f31d",
      "rev_count": 960399,
      "rev_date": "2026-03-08T09:52:19Z",
      "scrape_date": "2026-03-10T06:49:15.622163Z",
      "stabilities": [
        "unstable"
      ],
      "unfree": false,
      "version": "2026-02-16",
      "outputs_to_install": [
        "out"
      ],
      "outputs": {
        "out": "/nix/store/3h49id8siw8mlpkk47n8bxbkhiqwwc15-rust-analyzer-2026-02-16"
      },
      "system": "x86_64-linux",
      "group": "rust-analyzer",
      "priority": 5
    },
    {
      "attr_path": "cargo",
      "broken": false,
      "derivation": "/nix/store/c227xwmaz63w7mpgi489hiylwnzwabv4-cargo-1.93.0.drv",
      "description": "Downloads your Rust project's dependencies and builds your project",
      "install_id": "cargo",
      "license": "[ MIT, Apache-2.0 ]",
      "locked_url": "https://github.com/flox/nixpkgs?rev=9dcb002ca1690658be4a04645215baea8b95f31d",
      "name": "cargo-1.93.0",
      "pname": "cargo",
      "rev": "9dcb002ca1690658be4a04645215baea8b95f31d",
      "rev_count": 960399,
      "rev_date": "2026-03-08T09:52:19Z",
      "scrape_date": "2026-03-10T04:46:37.074223Z",
      "stabilities": [
        "unstable"
      ],
      "unfree": false,
      "version": "1.93.0",
      "outputs_to_install": [
        "out"
      ],
      "outputs": {
        "out": "/nix/store/v21x5yl04z0l303iz6ir5aqy9jzzrn76-cargo-1.93.0"
      },
      "system": "aarch64-darwin",
      "group": "rust-toolchain",
      "priority": 5
    },
    {
      "attr_path": "cargo",
      "broken": false,
      "derivation": "/nix/store/5a2a9cc4d02m8vafq5fg8pxkyhpm127r-cargo-1.93.0.drv",
      "description": "Downloads your Rust project's dependencies and builds your project",
      "install_id": "cargo",
      "license": "[ MIT, Apache-2.0 ]",
      "locked_url": "https://github.com/flox/nixpkgs?rev=9dcb002ca1690658be4a04645215baea8b95f31d",
      "name": "cargo-1.93.0",
      "pname": "cargo",
      "rev": "9dcb002ca1690658be4a04645215baea8b95f31d",
      "rev_count": 960399,
      "rev_date": "2026-03-08T09:52:19Z",
      "scrape_date": "2026-03-10T05:23:00.100183Z",
      "stabilities": [
        "unstable"
      ],
      "unfree": false,
      "version": "1.93.0",
      "outputs_to_install": [
        "out"
      ],
      "outputs": {
        "out": "/nix/store/s7hb3dlngzws3rxjd30x9n6c7l2vmx2f-cargo-1.93.0"
      },
      "system": "aarch64-linux",
      "group": "rust-toolchain",
      "priority": 5
    },
    {
      "attr_path": "cargo",
      "broken": false,
      "derivation": "/nix/store/akksnm0k68327yq1mfkf1lkkvqj2c72n-cargo-1.93.0.drv",
      "description": "Downloads your Rust project's dependencies and builds your project",
      "install_id": "cargo",
      "license": "[ MIT, Apache-2.0 ]",
      "locked_url": "https://github.com/flox/nixpkgs?rev=9dcb002ca1690658be4a04645215baea8b95f31d",
      "name": "cargo-1.93.0",
      "pname": "cargo",
      "rev": "9dcb002ca1690658be4a04645215baea8b95f31d",
      "rev_count": 960399,
      "rev_date": "2026-03-08T09:52:19Z",
      "scrape_date": "2026-03-10T06:03:51.390713Z",
      "stabilities": [
        "unstable"
      ],
      "unfree": false,
      "version": "1.93.0",
      "outputs_to_install": [
        "out"
      ],
      "outputs": {
        "out": "/nix/store/js7zd17w17ha6na0qj2rb052rpgjm69l-cargo-1.93.0"
      },
      "system": "x86_64-darwin",
      "group": "rust-toolchain",
      "priority": 5
    },
    {
      "attr_path": "cargo",
      "broken": false,
      "derivation": "/nix/store/jk32mh50pjnj63zjvk00dvmyxsjc25gn-cargo-1.93.0.drv",
      "description": "Downloads your Rust project's dependencies and builds your project",
      "install_id": "cargo",
      "license": "[ MIT, Apache-2.0 ]",
      "locked_url": "https://github.com/flox/nixpkgs?rev=9dcb002ca1690658be4a04645215baea8b95f31d",
      "name": "cargo-1.93.0",
      "pname": "cargo",
      "rev": "9dcb002ca1690658be4a04645215baea8b95f31d",
      "rev_count": 960399,
      "rev_date": "2026-03-08T09:52:19Z",
      "scrape_date": "2026-03-10T06:47:05.231992Z",
      "stabilities": [
        "unstable"
      ],
      "unfree": false,
      "version": "1.93.0",
      "outputs_to_install": [
        "out"
      ],
      "outputs": {
        "out": "/nix/store/p96faw8wiwi10cy94hr42gzmiapv15fm-cargo-1.93.0"
      },
      "system": "x86_64-linux",
      "group": "rust-toolchain",
      "priority": 5
    },
    {
      "attr_path": "clippy",
      "broken": false,
      "derivation": "/nix/store/qilhmhijlyjal3cb7sd45vm9i5jc1n2y-clippy-1.93.0.drv",
      "description": "Bunch of lints to catch common mistakes and improve your Rust code",
      "install_id": "clippy",
      "license": "[ MIT, Apache-2.0 ]",
      "locked_url": "https://github.com/flox/nixpkgs?rev=9dcb002ca1690658be4a04645215baea8b95f31d",
      "name": "clippy-1.93.0",
      "pname": "clippy",
      "rev": "9dcb002ca1690658be4a04645215baea8b95f31d",
      "rev_count": 960399,
      "rev_date": "2026-03-08T09:52:19Z",
      "scrape_date": "2026-03-10T04:46:37.259498Z",
      "stabilities": [
        "unstable"
      ],
      "unfree": false,
      "version": "1.93.0",
      "outputs_to_install": [
        "out"
      ],
      "outputs": {
        "out": "/nix/store/xaqjf38v233s2i60jpjhv9akyd5zkw0m-clippy-1.93.0"
      },
      "system": "aarch64-darwin",
      "group": "rust-toolchain",
      "priority": 5
    },
    {
      "attr_path": "clippy",
      "broken": false,
      "derivation": "/nix/store/s5srappnz47dzcxr51yxg8a04dzfb76c-clippy-1.93.0.drv",
      "description": "Bunch of lints to catch common mistakes and improve your Rust code",
      "install_id": "clippy",
      "license": "[ MIT, Apache-2.0 ]",
      "locked_url": "https://github.com/flox/nixpkgs?rev=9dcb002ca1690658be4a04645215baea8b95f31d",
      "name": "clippy-1.93.0",
      "pname": "clippy",
      "rev": "9dcb002ca1690658be4a04645215baea8b95f31d",
      "rev_count": 960399,
      "rev_date": "2026-03-08T09:52:19Z",
      "scrape_date": "2026-03-10T05:23:00.331028Z",
      "stabilities": [
        "unstable"
      ],
      "unfree": false,
      "version": "1.93.0",
      "outputs_to_install": [
        "out"
      ],
      "outputs": {
        "debug": "/nix/store/2p0f4abpa9w0cgi7853ad8fqiv4rzsv2-clippy-1.93.0-debug",
        "out": "/nix/store/gypngfg4hdpsfvjpswa95g77zz47r78v-clippy-1.93.0"
      },
      "system": "aarch64-linux",
      "group": "rust-toolchain",
      "priority": 5
    },
    {
      "attr_path": "clippy",
      "broken": false,
      "derivation": "/nix/store/zyaxp0x7n5qcypi7fmsgxwpp9hmz4fzx-clippy-1.93.0.drv",
      "description": "Bunch of lints to catch common mistakes and improve your Rust code",
      "install_id": "clippy",
      "license": "[ MIT, Apache-2.0 ]",
      "locked_url": "https://github.com/flox/nixpkgs?rev=9dcb002ca1690658be4a04645215baea8b95f31d",
      "name": "clippy-1.93.0",
      "pname": "clippy",
      "rev": "9dcb002ca1690658be4a04645215baea8b95f31d",
      "rev_count": 960399,
      "rev_date": "2026-03-08T09:52:19Z",
      "scrape_date": "2026-03-10T06:03:51.576811Z",
      "stabilities": [
        "unstable"
      ],
      "unfree": false,
      "version": "1.93.0",
      "outputs_to_install": [
        "out"
      ],
      "outputs": {
        "out": "/nix/store/i3m6fpdk1n1nqbb5gqzyjsn1lksqp60b-clippy-1.93.0"
      },
      "system": "x86_64-darwin",
      "group": "rust-toolchain",
      "priority": 5
    },
    {
      "attr_path": "clippy",
      "broken": false,
      "derivation": "/nix/store/sblp67332mcy5h7rnyhl6w002wj442q0-clippy-1.93.0.drv",
      "description": "Bunch of lints to catch common mistakes and improve your Rust code",
      "install_id": "clippy",
      "license": "[ MIT, Apache-2.0 ]",
      "locked_url": "https://github.com/flox/nixpkgs?rev=9dcb002ca1690658be4a04645215baea8b95f31d",
      "name": "clippy-1.93.0",
      "pname": "clippy",
      "rev": "9dcb002ca1690658be4a04645215baea8b95f31d",
      "rev_count": 960399,
      "rev_date": "2026-03-08T09:52:19Z",
      "scrape_date": "2026-03-10T06:47:05.488092Z",
      "stabilities": [
        "unstable"
      ],
      "unfree": false,
      "version": "1.93.0",
      "outputs_to_install": [
        "out"
      ],
      "outputs": {
        "debug": "/nix/store/5v47mbiidhck8rzw141hvmwkh515pfg3-clippy-1.93.0-debug",
        "out": "/nix/store/0yj3hz7imj1zxmppn9gfps8h2jmvdi7g-clippy-1.93.0"
      },
      "system": "x86_64-linux",
      "group": "rust-toolchain",
      "priority": 5
    },
    {
      "attr_path": "rustPlatform.rustLibSrc",
      "broken": false,
      "derivation": "/nix/store/gg3j5px5llhjx37fiq38fr6z3k21x2zi-rust-lib-src.drv",
      "install_id": "rust-lib-src",
      "locked_url": "https://github.com/flox/nixpkgs?rev=9dcb002ca1690658be4a04645215baea8b95f31d",
      "name": "rust-lib-src",
      "pname": "rustLibSrc",
      "rev": "9dcb002ca1690658be4a04645215baea8b95f31d",
      "rev_count": 960399,
      "rev_date": "2026-03-08T09:52:19Z",
      "scrape_date": "2026-03-10T04:49:18.443541Z",
      "stabilities": [
        "unstable"
      ],
      "unfree": false,
      "version": "rust-lib-src",
      "outputs_to_install": [
        "out"
      ],
      "outputs": {
        "out": "/nix/store/mfl3c8ckwk1cviaa2kgavlyhyvj7siab-rust-lib-src"
      },
      "system": "aarch64-darwin",
      "group": "rust-toolchain",
      "priority": 5
    },
    {
      "attr_path": "rustPlatform.rustLibSrc",
      "broken": false,
      "derivation": "/nix/store/7lmxl2qm5dlryycs048n6p9qb6xydg0m-rust-lib-src.drv",
      "install_id": "rust-lib-src",
      "locked_url": "https://github.com/flox/nixpkgs?rev=9dcb002ca1690658be4a04645215baea8b95f31d",
      "name": "rust-lib-src",
      "pname": "rustLibSrc",
      "rev": "9dcb002ca1690658be4a04645215baea8b95f31d",
      "rev_count": 960399,
      "rev_date": "2026-03-08T09:52:19Z",
      "scrape_date": "2026-03-10T05:26:41.967023Z",
      "stabilities": [
        "unstable"
      ],
      "unfree": false,
      "version": "rust-lib-src",
      "outputs_to_install": [
        "out"
      ],
      "outputs": {
        "out": "/nix/store/c4d03kawid9k3dgglbla64kl12nciwz5-rust-lib-src"
      },
      "system": "aarch64-linux",
      "group": "rust-toolchain",
      "priority": 5
    },
    {
      "attr_path": "rustPlatform.rustLibSrc",
      "broken": false,
      "derivation": "/nix/store/as54jncrl93bsl7ziac82p00vyjm1cbh-rust-lib-src.drv",
      "install_id": "rust-lib-src",
      "locked_url": "https://github.com/flox/nixpkgs?rev=9dcb002ca1690658be4a04645215baea8b95f31d",
      "name": "rust-lib-src",
      "pname": "rustLibSrc",
      "rev": "9dcb002ca1690658be4a04645215baea8b95f31d",
      "rev_count": 960399,
      "rev_date": "2026-03-08T09:52:19Z",
      "scrape_date": "2026-03-10T06:06:29.421255Z",
      "stabilities": [
        "unstable"
      ],
      "unfree": false,
      "version": "rust-lib-src",
      "outputs_to_install": [
        "out"
      ],
      "outputs": {
        "out": "/nix/store/gqmy70a3k7qfr6xi5rhzpx2a6ql79xr1-rust-lib-src"
      },
      "system": "x86_64-darwin",
      "group": "rust-toolchain",
      "priority": 5
    },
    {
      "attr_path": "rustPlatform.rustLibSrc",
      "broken": false,
      "derivation": "/nix/store/xz19iprk4yz00zp5x5zibwv98jafgf1b-rust-lib-src.drv",
      "install_id": "rust-lib-src",
      "locked_url": "https://github.com/flox/nixpkgs?rev=9dcb002ca1690658be4a04645215baea8b95f31d",
      "name": "rust-lib-src",
      "pname": "rustLibSrc",
      "rev": "9dcb002ca1690658be4a04645215baea8b95f31d",
      "rev_count": 960399,
      "rev_date": "2026-03-08T09:52:19Z",
      "scrape_date": "2026-03-10T06:50:53.139073Z",
      "stabilities": [
        "unstable"
      ],
      "unfree": false,
      "version": "rust-lib-src",
      "outputs_to_install": [
        "out"
      ],
      "outputs": {
        "out": "/nix/store/xqnf1bdi96i044mgfqvw9kll3554nbr9-rust-lib-src"
      },
      "system": "x86_64-linux",
      "group": "rust-toolchain",
      "priority": 5
    },
    {
      "attr_path": "rustc",
      "broken": false,
      "derivation": "/nix/store/qqnqvx2zl1mn1arf5qa5f8yry0axs3nv-rustc-wrapper-1.93.0.drv",
      "description": "Safe, concurrent, practical language (wrapper script)",
      "install_id": "rustc",
      "license": "[ MIT, Apache-2.0 ]",
      "locked_url": "https://github.com/flox/nixpkgs?rev=9dcb002ca1690658be4a04645215baea8b95f31d",
      "name": "rustc-wrapper-1.93.0",
      "pname": "rustc",
      "rev": "9dcb002ca1690658be4a04645215baea8b95f31d",
      "rev_count": 960399,
      "rev_date": "2026-03-08T09:52:19Z",
      "scrape_date": "2026-03-10T04:48:07.668126Z",
      "stabilities": [
        "unstable"
      ],
      "unfree": false,
      "version": "1.93.0",
      "outputs_to_install": [
        "man",
        "out"
      ],
      "outputs": {
        "doc": "/nix/store/cvfmwvv2cff024icpb1flb1dj65h0l7r-rustc-wrapper-1.93.0-doc",
        "man": "/nix/store/181zg8zlv5xcs0b42vbs0j48n7csihwn-rustc-wrapper-1.93.0-man",
        "out": "/nix/store/aw92hggrw3z08jhc7ayl3l5x5nwq89cn-rustc-wrapper-1.93.0"
      },
      "system": "aarch64-darwin",
      "group": "rust-toolchain",
      "priority": 5
    },
    {
      "attr_path": "rustc",
      "broken": false,
      "derivation": "/nix/store/k3xc3gg8p4wq187hsx1zrallirhcaxjz-rustc-wrapper-1.93.0.drv",
      "description": "Safe, concurrent, practical language (wrapper script)",
      "install_id": "rustc",
      "license": "[ MIT, Apache-2.0 ]",
      "locked_url": "https://github.com/flox/nixpkgs?rev=9dcb002ca1690658be4a04645215baea8b95f31d",
      "name": "rustc-wrapper-1.93.0",
      "pname": "rustc",
      "rev": "9dcb002ca1690658be4a04645215baea8b95f31d",
      "rev_count": 960399,
      "rev_date": "2026-03-08T09:52:19Z",
      "scrape_date": "2026-03-10T05:25:05.874479Z",
      "stabilities": [
        "unstable"
      ],
      "unfree": false,
      "version": "1.93.0",
      "outputs_to_install": [
        "man",
        "out"
      ],
      "outputs": {
        "doc": "/nix/store/r7xcg85wrwc19a1czwmlj1spn4pp38dn-rustc-wrapper-1.93.0-doc",
        "man": "/nix/store/2i84bq802hhxgx7wmrw3p5xhh4rqabim-rustc-wrapper-1.93.0-man",
        "out": "/nix/store/98dvh18vbqmckqw0pqp8iwh1imkax381-rustc-wrapper-1.93.0"
      },
      "system": "aarch64-linux",
      "group": "rust-toolchain",
      "priority": 5
    },
    {
      "attr_path": "rustc",
      "broken": false,
      "derivation": "/nix/store/gii20zmy7rhkn259255ip75p9zs5bksj-rustc-wrapper-1.93.0.drv",
      "description": "Safe, concurrent, practical language (wrapper script)",
      "install_id": "rustc",
      "license": "[ MIT, Apache-2.0 ]",
      "locked_url": "https://github.com/flox/nixpkgs?rev=9dcb002ca1690658be4a04645215baea8b95f31d",
      "name": "rustc-wrapper-1.93.0",
      "pname": "rustc",
      "rev": "9dcb002ca1690658be4a04645215baea8b95f31d",
      "rev_count": 960399,
      "rev_date": "2026-03-08T09:52:19Z",
      "scrape_date": "2026-03-10T06:05:20.682443Z",
      "stabilities": [
        "unstable"
      ],
      "unfree": false,
      "version": "1.93.0",
      "outputs_to_install": [
        "man",
        "out"
      ],
      "outputs": {
        "doc": "/nix/store/qnal9scf4rwq17qr0fvwqkashl6mi0g8-rustc-wrapper-1.93.0-doc",
        "man": "/nix/store/nwswdhsyiv342bvfhmfas3i0gdbr4b2b-rustc-wrapper-1.93.0-man",
        "out": "/nix/store/5vvf4xg0rqwkl9d4p2nx2nl1bpy2gq4w-rustc-wrapper-1.93.0"
      },
      "system": "x86_64-darwin",
      "group": "rust-toolchain",
      "priority": 5
    },
    {
      "attr_path": "rustc",
      "broken": false,
      "derivation": "/nix/store/gangqlccxfql4my3i8228kr2k4pi4nn4-rustc-wrapper-1.93.0.drv",
      "description": "Safe, concurrent, practical language (wrapper script)",
      "install_id": "rustc",
      "license": "[ MIT, Apache-2.0 ]",
      "locked_url": "https://github.com/flox/nixpkgs?rev=9dcb002ca1690658be4a04645215baea8b95f31d",
      "name": "rustc-wrapper-1.93.0",
      "pname": "rustc",
      "rev": "9dcb002ca1690658be4a04645215baea8b95f31d",
      "rev_count": 960399,
      "rev_date": "2026-03-08T09:52:19Z",
      "scrape_date": "2026-03-10T06:49:15.683390Z",
      "stabilities": [
        "unstable"
      ],
      "unfree": false,
      "version": "1.93.0",
      "outputs_to_install": [
        "man",
        "out"
      ],
      "outputs": {
        "doc": "/nix/store/jxsjbrzcxww6v7g4n4fqcw6sj7z7s3y9-rustc-wrapper-1.93.0-doc",
        "man": "/nix/store/kfxswj02a5bskwnwn3jdz3micybbaw2r-rustc-wrapper-1.93.0-man",
        "out": "/nix/store/rsy1282lj3dg4wdf5d00yvz7f6hjzxin-rustc-wrapper-1.93.0"
      },
      "system": "x86_64-linux",
      "group": "rust-toolchain",
      "priority": 5
    },
    {
      "attr_path": "rustfmt",
      "broken": false,
      "derivation": "/nix/store/80dwbkml682lfrczfhc8sn1gbp0qnvhl-rustfmt-1.93.0.drv",
      "description": "Tool for formatting Rust code according to style guidelines",
      "install_id": "rustfmt",
      "license": "[ MIT, Apache-2.0 ]",
      "locked_url": "https://github.com/flox/nixpkgs?rev=9dcb002ca1690658be4a04645215baea8b95f31d",
      "name": "rustfmt-1.93.0",
      "pname": "rustfmt",
      "rev": "9dcb002ca1690658be4a04645215baea8b95f31d",
      "rev_count": 960399,
      "rev_date": "2026-03-08T09:52:19Z",
      "scrape_date": "2026-03-10T04:48:07.689547Z",
      "stabilities": [
        "unstable"
      ],
      "unfree": false,
      "version": "1.93.0",
      "outputs_to_install": [
        "out"
      ],
      "outputs": {
        "out": "/nix/store/9aq18v5y6ss8yrlfzqwrsq8j0ilm7mgp-rustfmt-1.93.0"
      },
      "system": "aarch64-darwin",
      "group": "rust-toolchain",
      "priority": 5
    },
    {
      "attr_path": "rustfmt",
      "broken": false,
      "derivation": "/nix/store/jr693g4kgrpfwll21xdpjjmhbbj3hl7y-rustfmt-1.93.0.drv",
      "description": "Tool for formatting Rust code according to style guidelines",
      "install_id": "rustfmt",
      "license": "[ MIT, Apache-2.0 ]",
      "locked_url": "https://github.com/flox/nixpkgs?rev=9dcb002ca1690658be4a04645215baea8b95f31d",
      "name": "rustfmt-1.93.0",
      "pname": "rustfmt",
      "rev": "9dcb002ca1690658be4a04645215baea8b95f31d",
      "rev_count": 960399,
      "rev_date": "2026-03-08T09:52:19Z",
      "scrape_date": "2026-03-10T05:25:05.907952Z",
      "stabilities": [
        "unstable"
      ],
      "unfree": false,
      "version": "1.93.0",
      "outputs_to_install": [
        "out"
      ],
      "outputs": {
        "out": "/nix/store/4aq1qa0xy4z06a2bdn5l6plhj28a0rq5-rustfmt-1.93.0"
      },
      "system": "aarch64-linux",
      "group": "rust-toolchain",
      "priority": 5
    },
    {
      "attr_path": "rustfmt",
      "broken": false,
      "derivation": "/nix/store/g6z6g2br7hhwy2blrsf4xykblydzamdp-rustfmt-1.93.0.drv",
      "description": "Tool for formatting Rust code according to style guidelines",
      "install_id": "rustfmt",
      "license": "[ MIT, Apache-2.0 ]",
      "locked_url": "https://github.com/flox/nixpkgs?rev=9dcb002ca1690658be4a04645215baea8b95f31d",
      "name": "rustfmt-1.93.0",
      "pname": "rustfmt",
      "rev": "9dcb002ca1690658be4a04645215baea8b95f31d",
      "rev_count": 960399,
      "rev_date": "2026-03-08T09:52:19Z",
      "scrape_date": "2026-03-10T06:05:20.703756Z",
      "stabilities": [
        "unstable"
      ],
      "unfree": false,
      "version": "1.93.0",
      "outputs_to_install": [
        "out"
      ],
      "outputs": {
        "out": "/nix/store/1ql1g2a253djjz10x019wii04d2dijjr-rustfmt-1.93.0"
      },
      "system": "x86_64-darwin",
      "group": "rust-toolchain",
      "priority": 5
    },
    {
      "attr_path": "rustfmt",
      "broken": false,
      "derivation": "/nix/store/v8lzmahd00sw33cc02j819kapd6ns36k-rustfmt-1.93.0.drv",
      "description": "Tool for formatting Rust code according to style guidelines",
      "install_id": "rustfmt",
      "license": "[ MIT, Apache-2.0 ]",
      "locked_url": "https://github.com/flox/nixpkgs?rev=9dcb002ca1690658be4a04645215baea8b95f31d",
      "name": "rustfmt-1.93.0",
      "pname": "rustfmt",
      "rev": "9dcb002ca1690658be4a04645215baea8b95f31d",
      "rev_count": 960399,
      "rev_date": "2026-03-08T09:52:19Z",
      "scrape_date": "2026-03-10T06:49:15.715782Z",
      "stabilities": [
        "unstable"
      ],
      "unfree": false,
      "version": "1.93.0",
      "outputs_to_install": [
        "out"
      ],
      "outputs": {
        "out": "/nix/store/yb62fm7wf3ysn5rnfj2r03snmk9pwwa2-rustfmt-1.93.0"
      },
      "system": "x86_64-linux",
      "group": "rust-toolchain",
      "priority": 5
    },
    {
      "attr_path": "cargo-nextest",
      "broken": false,
      "derivation": "/nix/store/isnmdq8ngjn7wjahc4vc627paz8pppmc-cargo-nextest-0.9.129.drv",
      "description": "Next-generation test runner for Rust projects",
      "install_id": "cargo-nextest",
      "license": "[ MIT, Apache-2.0 ]",
      "locked_url": "https://github.com/flox/nixpkgs?rev=9dcb002ca1690658be4a04645215baea8b95f31d",
      "name": "cargo-nextest-0.9.129",
      "pname": "cargo-nextest",
      "rev": "9dcb002ca1690658be4a04645215baea8b95f31d",
      "rev_count": 960399,
      "rev_date": "2026-03-08T09:52:19Z",
      "scrape_date": "2026-03-10T04:46:37.085061Z",
      "stabilities": [
        "unstable"
      ],
      "unfree": false,
      "version": "0.9.129",
      "outputs_to_install": [
        "out"
      ],
      "outputs": {
        "out": "/nix/store/ivdbvrkp0v7mhpfb0pbl60r5lla7bf0g-cargo-nextest-0.9.129"
      },
      "system": "aarch64-darwin",
      "group": "toplevel",
      "priority": 5
    },
    {
      "attr_path": "cargo-nextest",
      "broken": false,
      "derivation": "/nix/store/d82cn4nchc8amq8jiglwi7z0mrbz5dvn-cargo-nextest-0.9.129.drv",
      "description": "Next-generation test runner for Rust projects",
      "install_id": "cargo-nextest",
      "license": "[ MIT, Apache-2.0 ]",
      "locked_url": "https://github.com/flox/nixpkgs?rev=9dcb002ca1690658be4a04645215baea8b95f31d",
      "name": "cargo-nextest-0.9.129",
      "pname": "cargo-nextest",
      "rev": "9dcb002ca1690658be4a04645215baea8b95f31d",
      "rev_count": 960399,
      "rev_date": "2026-03-08T09:52:19Z",
      "scrape_date": "2026-03-10T05:23:00.112508Z",
      "stabilities": [
        "unstable"
      ],
      "unfree": false,
      "version": "0.9.129",
      "outputs_to_install": [
        "out"
      ],
      "outputs": {
        "out": "/nix/store/fcq187bn1216arbvmqfb6a3z791qmlqr-cargo-nextest-0.9.129"
      },
      "system": "aarch64-linux",
      "group": "toplevel",
      "priority": 5
    },
    {
      "attr_path": "cargo-nextest",
      "broken": false,
      "derivation": "/nix/store/mnybc2ffz4853qvr5jmvrjymsv64r7ga-cargo-nextest-0.9.129.drv",
      "description": "Next-generation test runner for Rust projects",
      "install_id": "cargo-nextest",
      "license": "[ MIT, Apache-2.0 ]",
      "locked_url": "https://github.com/flox/nixpkgs?rev=9dcb002ca1690658be4a04645215baea8b95f31d",
      "name": "cargo-nextest-0.9.129",
      "pname": "cargo-nextest",
      "rev": "9dcb002ca1690658be4a04645215baea8b95f31d",
      "rev_count": 960399,
      "rev_date": "2026-03-08T09:52:19Z",
      "scrape_date": "2026-03-10T06:03:51.401432Z",
      "stabilities": [
        "unstable"
      ],
      "unfree": false,
      "version": "0.9.129",
      "outputs_to_install": [
        "out"
      ],
      "outputs": {
        "out": "/nix/store/sakmxadr658lavdd7vs0lj2hw8d9dp8v-cargo-nextest-0.9.129"
      },
      "system": "x86_64-darwin",
      "group": "toplevel",
      "priority": 5
    },
    {
      "attr_path": "cargo-nextest",
      "broken": false,
      "derivation": "/nix/store/5gw0qc95jy2lbs5wxrkzh74mzypflw06-cargo-nextest-0.9.129.drv",
      "description": "Next-generation test runner for Rust projects",
      "install_id": "cargo-nextest",
      "license": "[ MIT, Apache-2.0 ]",
      "locked_url": "https://github.com/flox/nixpkgs?rev=9dcb002ca1690658be4a04645215baea8b95f31d",
      "name": "cargo-nextest-0.9.129",
      "pname": "cargo-nextest",
      "rev": "9dcb002ca1690658be4a04645215baea8b95f31d",
      "rev_count": 960399,
      "rev_date": "2026-03-08T09:52:19Z",
      "scrape_date": "2026-03-10T06:47:05.245404Z",
      "stabilities": [
        "unstable"
      ],
      "unfree": false,
      "version": "0.9.129",
      "outputs_to_install": [
        "out"
      ],
      "outputs": {
        "out": "/nix/store/4gnq76nks0g1nddaggsw7v17agaacyh3-cargo-nextest-0.9.129"
      },
      "system": "x86_64-linux",
      "group": "toplevel",
      "priority": 5
    },
    {
      "attr_path": "clang",
      "broken": false,
      "derivation": "/nix/store/8f5bzabig53h0drlagxcdklwr8pv4bnk-clang-wrapper-21.1.8.drv",
      "description": "C language family frontend for LLVM (wrapper script)",
      "install_id": "clang",
      "license": "[ NCSA, Apache-2.0, LLVM-exception ]",
      "locked_url": "https://github.com/flox/nixpkgs?rev=9dcb002ca1690658be4a04645215baea8b95f31d",
      "name": "clang-wrapper-21.1.8",
      "pname": "clang",
      "rev": "9dcb002ca1690658be4a04645215baea8b95f31d",
      "rev_count": 960399,
      "rev_date": "2026-03-08T09:52:19Z",
      "scrape_date": "2026-03-10T04:46:37.247499Z",
      "stabilities": [
        "unstable"
      ],
      "unfree": false,
      "version": "21.1.8",
      "outputs_to_install": [
        "out"
      ],
      "outputs": {
        "out": "/nix/store/vl936sd1vj8s008akm3gibkgyqk30qhz-clang-wrapper-21.1.8"
      },
      "system": "aarch64-darwin",
      "group": "toplevel",
      "priority": 5
    },
    {
      "attr_path": "gcc",
      "broken": false,
      "derivation": "/nix/store/rwb9v0myg18sx7fn003h1ymla7fd4yay-gcc-wrapper-15.2.0.drv",
      "description": "GNU Compiler Collection, version 15.2.0 (wrapper script)",
      "install_id": "gcc",
      "license": "GPL-3.0-or-later",
      "locked_url": "https://github.com/flox/nixpkgs?rev=9dcb002ca1690658be4a04645215baea8b95f31d",
      "name": "gcc-wrapper-15.2.0",
      "pname": "gcc",
      "rev": "9dcb002ca1690658be4a04645215baea8b95f31d",
      "rev_count": 960399,
      "rev_date": "2026-03-08T09:52:19Z",
      "scrape_date": "2026-03-10T05:23:01.550051Z",
      "stabilities": [
        "unstable"
      ],
      "unfree": false,
      "version": "15.2.0",
      "outputs_to_install": [
        "man",
        "out",
        "out"
      ],
      "outputs": {
        "info": "/nix/store/0ps642kc7j7wg0bz3hb978plg16xfi7n-gcc-wrapper-15.2.0-info",
        "man": "/nix/store/y50lsbpbiy4wg5ccbbb68rabs2n3m69b-gcc-wrapper-15.2.0-man",
        "out": "/nix/store/6hazq450ci6m382yq4ym8a6mbiv9mfsk-gcc-wrapper-15.2.0"
      },
      "system": "aarch64-linux",
      "group": "toplevel",
      "priority": 5
    },
    {
      "attr_path": "gcc",
      "broken": false,
      "derivation": "/nix/store/l8kjykqqnkh48cxjhz1p9wh53mb65dpf-gcc-wrapper-15.2.0.drv",
      "description": "GNU Compiler Collection, version 15.2.0 (wrapper script)",
      "install_id": "gcc",
      "license": "GPL-3.0-or-later",
      "locked_url": "https://github.com/flox/nixpkgs?rev=9dcb002ca1690658be4a04645215baea8b95f31d",
      "name": "gcc-wrapper-15.2.0",
      "pname": "gcc",
      "rev": "9dcb002ca1690658be4a04645215baea8b95f31d",
      "rev_count": 960399,
      "rev_date": "2026-03-08T09:52:19Z",
      "scrape_date": "2026-03-10T06:47:06.765968Z",
      "stabilities": [
        "unstable"
      ],
      "unfree": false,
      "version": "15.2.0",
      "outputs_to_install": [
        "man",
        "out",
        "out"
      ],
      "outputs": {
        "info": "/nix/store/mj78x8b2vp0q9j6xf7bmvinn3m2csfhp-gcc-wrapper-15.2.0-info",
        "man": "/nix/store/crcj0frpw4i8shmfwgyfx9fsqklf2iq5-gcc-wrapper-15.2.0-man",
        "out": "/nix/store/kbw2j1vag664b3sj3rjwz9v53cqx87sb-gcc-wrapper-15.2.0"
      },
      "system": "x86_64-linux",
      "group": "toplevel",
      "priority": 5
    },
    {
      "attr_path": "libiconv",
      "broken": false,
      "derivation": "/nix/store/1m0ab3x853gikwjla0vwsix9m0gyphmv-libiconv-109.100.2.drv",
      "description": "Iconv(3) implementation",
      "install_id": "libiconv",
      "license": "[ BSD-2-Clause, BSD-3-Clause, APSL-1.0 ]",
      "locked_url": "https://github.com/flox/nixpkgs?rev=9dcb002ca1690658be4a04645215baea8b95f31d",
      "name": "libiconv-109.100.2",
      "pname": "libiconv",
      "rev": "9dcb002ca1690658be4a04645215baea8b95f31d",
      "rev_count": 960399,
      "rev_date": "2026-03-08T09:52:19Z",
      "scrape_date": "2026-03-10T04:46:54.608170Z",
      "stabilities": [
        "unstable"
      ],
      "unfree": false,
      "version": "109.100.2",
      "outputs_to_install": [
        "out",
        "out",
        "out"
      ],
      "outputs": {
        "dev": "/nix/store/gkyk559bh4zzxh0wfvzqi6zj3rdn0d9q-libiconv-109.100.2-dev",
        "out": "/nix/store/ik1b3z19bgk8lagf461zq222kxrpdynb-libiconv-109.100.2"
      },
      "system": "aarch64-darwin",
      "group": "toplevel",
      "priority": 5
    },
    {
      "attr_path": "libiconv",
      "broken": false,
      "derivation": "/nix/store/x35fcc4bv448v3g7ggf0nwca29wwrmdk-libiconv-109.100.2.drv",
      "description": "Iconv(3) implementation",
      "install_id": "libiconv",
      "license": "[ BSD-2-Clause, BSD-3-Clause, APSL-1.0 ]",
      "locked_url": "https://github.com/flox/nixpkgs?rev=9dcb002ca1690658be4a04645215baea8b95f31d",
      "name": "libiconv-109.100.2",
      "pname": "libiconv",
      "rev": "9dcb002ca1690658be4a04645215baea8b95f31d",
      "rev_count": 960399,
      "rev_date": "2026-03-08T09:52:19Z",
      "scrape_date": "2026-03-10T06:04:09.434966Z",
      "stabilities": [
        "unstable"
      ],
      "unfree": false,
      "version": "109.100.2",
      "outputs_to_install": [
        "out"
      ],
      "outputs": {
        "dev": "/nix/store/5bwhjr63kxw3vbjs3qi03nw43xl4cvy0-libiconv-109.100.2-dev",
        "out": "/nix/store/m6k3gjsdqrnjyrakkv7005lpf33zxj9f-libiconv-109.100.2"
      },
      "system": "x86_64-darwin",
      "group": "toplevel",
      "priority": 5
    },
    {
      "attr_path": "openssl",
      "broken": false,
      "derivation": "/nix/store/b4ayi6v6a799r4fynh178mwi26vb04wv-openssl-3.6.1.drv",
      "description": "Cryptographic library that implements the SSL and TLS protocols",
      "install_id": "openssl",
      "license": "Apache-2.0",
      "locked_url": "https://github.com/flox/nixpkgs?rev=9dcb002ca1690658be4a04645215baea8b95f31d",
      "name": "openssl-3.6.1",
      "pname": "openssl",
      "rev": "9dcb002ca1690658be4a04645215baea8b95f31d",
      "rev_count": 960399,
      "rev_date": "2026-03-08T09:52:19Z",
      "scrape_date": "2026-03-10T04:47:06.208970Z",
      "stabilities": [
        "unstable"
      ],
      "unfree": false,
      "version": "3.6.1",
      "outputs_to_install": [
        "bin",
        "bin",
        "man"
      ],
      "outputs": {
        "bin": "/nix/store/az9imgxrs6prk3kngg1r6nmjr1v2j61p-openssl-3.6.1-bin",
        "dev": "/nix/store/1178sl0xnnjkjs9663gavn0cck4rx6pr-openssl-3.6.1-dev",
        "doc": "/nix/store/w3w3dqckywglcz5w94f150z1dc6ahrp4-openssl-3.6.1-doc",
        "man": "/nix/store/aw91hny2f4kvxmhxr5ln91w0y53cbv6l-openssl-3.6.1-man",
        "out": "/nix/store/ar3higrpqx1sbx9m28i5crsgmaffki49-openssl-3.6.1"
      },
      "system": "aarch64-darwin",
      "group": "toplevel",
      "priority": 5
    },
    {
      "attr_path": "openssl",
      "broken": false,
      "derivation": "/nix/store/zrzdx5ga7njvqpb4sd0xn7xjcq87di4f-openssl-3.6.1.drv",
      "description": "Cryptographic library that implements the SSL and TLS protocols",
      "install_id": "openssl",
      "license": "Apache-2.0",
      "locked_url": "https://github.com/flox/nixpkgs?rev=9dcb002ca1690658be4a04645215baea8b95f31d",
      "name": "openssl-3.6.1",
      "pname": "openssl",
      "rev": "9dcb002ca1690658be4a04645215baea8b95f31d",
      "rev_count": 960399,
      "rev_date": "2026-03-08T09:52:19Z",
      "scrape_date": "2026-03-10T05:23:45.453617Z",
      "stabilities": [
        "unstable"
      ],
      "unfree": false,
      "version": "3.6.1",
      "outputs_to_install": [
        "bin",
        "bin",
        "man"
      ],
      "outputs": {
        "bin": "/nix/store/qg9is7wkbb6yp394pcj3hy5kiv66dl7v-openssl-3.6.1-bin",
        "debug": "/nix/store/z5404xlmxks5gz56wv8k4ynd9jnf2ihc-openssl-3.6.1-debug",
        "dev": "/nix/store/1z9xdmlb0phqvr5x7wp2qgic61w3r5my-openssl-3.6.1-dev",
        "doc": "/nix/store/gn3vq7i7332gb3nl0v1kp718487difad-openssl-3.6.1-doc",
        "man": "/nix/store/sdxxhb1m6d4as2nsaqgx4v5jnnhnriz0-openssl-3.6.1-man",
        "out": "/nix/store/5zl8qqll2yv6v9k7k3h1c131x8xw6pvk-openssl-3.6.1"
      },
      "system": "aarch64-linux",
      "group": "toplevel",
      "priority": 5
    },
    {
      "attr_path": "openssl",
      "broken": false,
      "derivation": "/nix/store/8p0qa0418qb8m92wv0ws9k9i5kkys138-openssl-3.6.1.drv",
      "description": "Cryptographic library that implements the SSL and TLS protocols",
      "install_id": "openssl",
      "license": "Apache-2.0",
      "locked_url": "https://github.com/flox/nixpkgs?rev=9dcb002ca1690658be4a04645215baea8b95f31d",
      "name": "openssl-3.6.1",
      "pname": "openssl",
      "rev": "9dcb002ca1690658be4a04645215baea8b95f31d",
      "rev_count": 960399,
      "rev_date": "2026-03-08T09:52:19Z",
      "scrape_date": "2026-03-10T06:04:20.854317Z",
      "stabilities": [
        "unstable"
      ],
      "unfree": false,
      "version": "3.6.1",
      "outputs_to_install": [
        "bin",
        "man"
      ],
      "outputs": {
        "bin": "/nix/store/zaz6np1c8xqlnkj2vf7j4djp3bd1g4wv-openssl-3.6.1-bin",
        "dev": "/nix/store/dp3zxgxamqcsg3m15z989niaw6dmmmc8-openssl-3.6.1-dev",
        "doc": "/nix/store/1imldik8ljswxlplc73hzd47wgbcvjvc-openssl-3.6.1-doc",
        "man": "/nix/store/n1kwnkngk6vyrvcvcf4z9qwij18rr7s1-openssl-3.6.1-man",
        "out": "/nix/store/lcm93hfhp6gwb5ilrrbllkbvchxxj4vl-openssl-3.6.1"
      },
      "system": "x86_64-darwin",
      "group": "toplevel",
      "priority": 5
    },
    {
      "attr_path": "openssl",
      "broken": false,
      "derivation": "/nix/store/vmyc45g3rr38wpjsvzax2i489dvihc89-openssl-3.6.1.drv",
      "description": "Cryptographic library that implements the SSL and TLS protocols",
      "install_id": "openssl",
      "license": "Apache-2.0",
      "locked_url": "https://github.com/flox/nixpkgs?rev=9dcb002ca1690658be4a04645215baea8b95f31d",
      "name": "openssl-3.6.1",
      "pname": "openssl",
      "rev": "9dcb002ca1690658be4a04645215baea8b95f31d",
      "rev_count": 960399,
      "rev_date": "2026-03-08T09:52:19Z",
      "scrape_date": "2026-03-10T06:47:53.915226Z",
      "stabilities": [
        "unstable"
      ],
      "unfree": false,
      "version": "3.6.1",
      "outputs_to_install": [
        "bin",
        "bin",
        "man"
      ],
      "outputs": {
        "bin": "/nix/store/9nww32bprhg1rr1qj423xdr5mwnqk93z-openssl-3.6.1-bin",
        "debug": "/nix/store/drl891bkkxavilqvcxa8pj0rgg6klmjq-openssl-3.6.1-debug",
        "dev": "/nix/store/1p14m1hrdkykyxs0l6wg7y29ahppcnsr-openssl-3.6.1-dev",
        "doc": "/nix/store/xb0i5l883qwms52wxhm0krygfqllxxil-openssl-3.6.1-doc",
        "man": "/nix/store/7bvx99sfzk9iw2pa4131a4qaqmifwl05-openssl-3.6.1-man",
        "out": "/nix/store/p96a7p297gmia8zcy4i72qd45wzw8lh6-openssl-3.6.1"
      },
      "system": "x86_64-linux",
      "group": "toplevel",
      "priority": 5
    },
    {
      "attr_path": "pkg-config",
      "broken": false,
      "derivation": "/nix/store/ij7yn3cnfs3r06d18v4w91wqnazp6fac-pkg-config-wrapper-0.29.2.drv",
      "description": "Tool that allows packages to find out information about other packages (wrapper script)",
      "install_id": "pkg-config",
      "license": "GPL-2.0-or-later",
      "locked_url": "https://github.com/flox/nixpkgs?rev=9dcb002ca1690658be4a04645215baea8b95f31d",
      "name": "pkg-config-wrapper-0.29.2",
      "pname": "pkg-config",
      "rev": "9dcb002ca1690658be4a04645215baea8b95f31d",
      "rev_count": 960399,
      "rev_date": "2026-03-08T09:52:19Z",
      "scrape_date": "2026-03-10T04:47:14.623379Z",
      "stabilities": [
        "unstable"
      ],
      "unfree": false,
      "version": "0.29.2",
      "outputs_to_install": [
        "man",
        "out"
      ],
      "outputs": {
        "doc": "/nix/store/cqnljpwngva1kkx5b19b71j291j3wfmv-pkg-config-wrapper-0.29.2-doc",
        "man": "/nix/store/aw3iz07i5svbh9vagw9wf6skdblbj2bi-pkg-config-wrapper-0.29.2-man",
        "out": "/nix/store/s854fasrcpcj8x7bc0hnh9wpjgfcbwvh-pkg-config-wrapper-0.29.2"
      },
      "system": "aarch64-darwin",
      "group": "toplevel",
      "priority": 5
    },
    {
      "attr_path": "pkg-config",
      "broken": false,
      "derivation": "/nix/store/2cakm17wnm5jl1d5n85r897jhmpkaavm-pkg-config-wrapper-0.29.2.drv",
      "description": "Tool that allows packages to find out information about other packages (wrapper script)",
      "install_id": "pkg-config",
      "license": "GPL-2.0-or-later",
      "locked_url": "https://github.com/flox/nixpkgs?rev=9dcb002ca1690658be4a04645215baea8b95f31d",
      "name": "pkg-config-wrapper-0.29.2",
      "pname": "pkg-config",
      "rev": "9dcb002ca1690658be4a04645215baea8b95f31d",
      "rev_count": 960399,
      "rev_date": "2026-03-08T09:52:19Z",
      "scrape_date": "2026-03-10T05:23:57.349014Z",
      "stabilities": [
        "unstable"
      ],
      "unfree": false,
      "version": "0.29.2",
      "outputs_to_install": [
        "man",
        "out",
        "out"
      ],
      "outputs": {
        "doc": "/nix/store/bi8d3bzdnq0p3vfrvhl58h931rxpfc9f-pkg-config-wrapper-0.29.2-doc",
        "man": "/nix/store/73whcmcjw6qlxswb47lf4ykr80jla8wn-pkg-config-wrapper-0.29.2-man",
        "out": "/nix/store/kd1m81w8pak48m7qkydafp1xq3blzbgz-pkg-config-wrapper-0.29.2"
      },
      "system": "aarch64-linux",
      "group": "toplevel",
      "priority": 5
    },
    {
      "attr_path": "pkg-config",
      "broken": false,
      "derivation": "/nix/store/10jjfp7krgl02iln6gnjisnxw916h2jh-pkg-config-wrapper-0.29.2.drv",
      "description": "Tool that allows packages to find out information about other packages (wrapper script)",
      "install_id": "pkg-config",
      "license": "GPL-2.0-or-later",
      "locked_url": "https://github.com/flox/nixpkgs?rev=9dcb002ca1690658be4a04645215baea8b95f31d",
      "name": "pkg-config-wrapper-0.29.2",
      "pname": "pkg-config",
      "rev": "9dcb002ca1690658be4a04645215baea8b95f31d",
      "rev_count": 960399,
      "rev_date": "2026-03-08T09:52:19Z",
      "scrape_date": "2026-03-10T06:04:29.136950Z",
      "stabilities": [
        "unstable"
      ],
      "unfree": false,
      "version": "0.29.2",
      "outputs_to_install": [
        "man",
        "out"
      ],
      "outputs": {
        "doc": "/nix/store/i6dayp8k249nxsx08asabpl6zamixkl2-pkg-config-wrapper-0.29.2-doc",
        "man": "/nix/store/4szfswmsvsbj95q1j3cwyk1z69arbw8j-pkg-config-wrapper-0.29.2-man",
        "out": "/nix/store/pnsvg8avfh2nym8zg4h72qp31a710jaw-pkg-config-wrapper-0.29.2"
      },
      "system": "x86_64-darwin",
      "group": "toplevel",
      "priority": 5
    },
    {
      "attr_path": "pkg-config",
      "broken": false,
      "derivation": "/nix/store/4sflgpi32p1q6znl8c320hncgs1sp9d5-pkg-config-wrapper-0.29.2.drv",
      "description": "Tool that allows packages to find out information about other packages (wrapper script)",
      "install_id": "pkg-config",
      "license": "GPL-2.0-or-later",
      "locked_url": "https://github.com/flox/nixpkgs?rev=9dcb002ca1690658be4a04645215baea8b95f31d",
      "name": "pkg-config-wrapper-0.29.2",
      "pname": "pkg-config",
      "rev": "9dcb002ca1690658be4a04645215baea8b95f31d",
      "rev_count": 960399,
      "rev_date": "2026-03-08T09:52:19Z",
      "scrape_date": "2026-03-10T06:48:06.285267Z",
      "stabilities": [
        "unstable"
      ],
      "unfree": false,
      "version": "0.29.2",
      "outputs_to_install": [
        "man",
        "out",
        "out"
      ],
      "outputs": {
        "doc": "/nix/store/zh2c9sb41q4c62xwfgkk4bspgkas2qjw-pkg-config-wrapper-0.29.2-doc",
        "man": "/nix/store/f69zkr603mis7hkjpbladwhs1s2mz0ch-pkg-config-wrapper-0.29.2-man",
        "out": "/nix/store/1nv3i8mpypy3d516f4pd95m0w72r73jy-pkg-config-wrapper-0.29.2"
      },
      "system": "x86_64-linux",
      "group": "toplevel",
      "priority": 5
    }
  ]
}
